{
  "name": "mws-restaurant-stage-1",
  "version": "1.0.0",
  "lockfileVersion": 1,
  "requires": true,
  "dependencies": {
    "idb": {
      "version": "2.0.4",
      "resolved": "https://registry.npmjs.org/idb/-/idb-2.0.4.tgz",
      "integrity": "sha512-Nw4ykKrrVje6YODRiRm/k2ucFEQeoY+zrkszfOuzVmxx8yyBMtZh2KLaRCKk9r5GzhuF0QlNCVjBewP2n5OZ7Q=="
    }
  }
}
